dependencies:
- name: redis
  repository: https://charts.bitnami.com/bitnami
  version: 23.2.12
- name: postgresql
  repository: https://charts.bitnami.com/bitnami
  version: 18.1.9
- name: minio
  repository: https://charts.min.io/
  version: 5.4.0
- name: replicated
  repository: oci://registry.replicated.com/library
  version: 1.19.1
digest: sha256:27409733f88d2811198ad0c1740b0b0411c666b2bd117a7e841228a6959ca4ee
generated: "2026-04-13T14:42:14.749868-06:00"
